
Microsoft Visual Studio Solution File, Format Version 12.00
# Visual Studio 15
Project("{FAE04EC0-301F-11D3-BF4B-00C04F79EFBC}") = "SteamVR", "SteamVR.csproj", "{21F736B7-3508-3B0D-580F-074F7F77FFF8}"
EndProject
Project("{FAE04EC0-301F-11D3-BF4B-00C04F79EFBC}") = "Assembly-CSharp", "Assembly-CSharp.csproj", "{D718D76F-63FA-FD62-F273-855DA2BE11A2}"
EndProject
Project("{FAE04EC0-301F-11D3-BF4B-00C04F79EFBC}") = "SteamVR_Editor", "SteamVR_Editor.csproj", "{30A256F0-7500-25AB-73DC-585DE3BC4ED8}"
EndProject
Project("{FAE04EC0-301F-11D3-BF4B-00C04F79EFBC}") = "SteamVR_Input_Editor", "SteamVR_Input_Editor.csproj", "{29F12B4C-8F95-1F66-838F-DEE9C0DBE12D}"
EndProject
Project("{FAE04EC0-301F-11D3-BF4B-00C04F79EFBC}") = "SteamVR_Windows_EditorHelper", "SteamVR_Windows_EditorHelper.csproj", "{1C2C683C-A9AE-50FE-9371-A6282729BC5A}"
EndProject
Global
	GlobalSection(SolutionConfigurationPlatforms) = preSolution
		Debug|Any CPU = Debug|Any CPU
		Release|Any CPU = Release|Any CPU
	EndGlobalSection
	GlobalSection(ProjectConfigurationPlatforms) = postSolution
		{21F736B7-3508-3B0D-580F-074F7F77FFF8}.Debug|Any CPU.ActiveCfg = Debug|Any CPU
		{21F736B7-3508-3B0D-580F-074F7F77FFF8}.Debug|Any CPU.Build.0 = Debug|Any CPU
		{21F736B7-3508-3B0D-580F-074F7F77FFF8}.Release|Any CPU.ActiveCfg = Release|Any CPU
		{21F736B7-3508-3B0D-580F-074F7F77FFF8}.Release|Any CPU.Build.0 = Release|Any CPU
		{D718D76F-63FA-FD62-F273-855DA2BE11A2}.Debug|Any CPU.ActiveCfg = Debug|Any CPU
		{D718D76F-63FA-FD62-F273-855DA2BE11A2}.Debug|Any CPU.Build.0 = Debug|Any CPU
		{D718D76F-63FA-FD62-F273-855DA2BE11A2}.Release|Any CPU.ActiveCfg = Release|Any CPU
		{D718D76F-63FA-FD62-F273-855DA2BE11A2}.Release|Any CPU.Build.0 = Release|Any CPU
		{30A256F0-7500-25AB-73DC-585DE3BC4ED8}.Debug|Any CPU.ActiveCfg = Debug|Any CPU
		{30A256F0-7500-25AB-73DC-585DE3BC4ED8}.Debug|Any CPU.Build.0 = Debug|Any CPU
		{30A256F0-7500-25AB-73DC-585DE3BC4ED8}.Release|Any CPU.ActiveCfg = Release|Any CPU
		{30A256F0-7500-25AB-73DC-585DE3BC4ED8}.Release|Any CPU.Build.0 = Release|Any CPU
		{29F12B4C-8F95-1F66-838F-DEE9C0DBE12D}.Debug|Any CPU.ActiveCfg = Debug|Any CPU
		{29F12B4C-8F95-1F66-838F-DEE9C0DBE12D}.Debug|Any CPU.Build.0 = Debug|Any CPU
		{29F12B4C-8F95-1F66-838F-DEE9C0DBE12D}.Release|Any CPU.ActiveCfg = Release|Any CPU
		{29F12B4C-8F95-1F66-838F-DEE9C0DBE12D}.Release|Any CPU.Build.0 = Release|Any CPU
		{1C2C683C-A9AE-50FE-9371-A6282729BC5A}.Debug|Any CPU.ActiveCfg = Debug|Any CPU
		{1C2C683C-A9AE-50FE-9371-A6282729BC5A}.Debug|Any CPU.Build.0 = Debug|Any CPU
		{1C2C683C-A9AE-50FE-9371-A6282729BC5A}.Release|Any CPU.ActiveCfg = Release|Any CPU
		{1C2C683C-A9AE-50FE-9371-A6282729BC5A}.Release|Any CPU.Build.0 = Release|Any CPU
	EndGlobalSection
	GlobalSection(SolutionProperties) = preSolution
		HideSolutionNode = FALSE
	EndGlobalSection
EndGlobal
