
Microsoft Visual Studio Solution File, Format Version 12.00
# Visual Studio 15
Project("{FAE04EC0-301F-11D3-BF4B-00C04F79EFBC}") = "SteamVR", "SteamVR.csproj", "{3CFAD723-B316-FA2E-C9EA-992E3FACE62F}"
EndProject
Project("{FAE04EC0-301F-11D3-BF4B-00C04F79EFBC}") = "Assembly-CSharp", "Assembly-CSharp.csproj", "{B38F7986-E7F0-9C56-7D82-D91FED1CD05E}"
EndProject
Project("{FAE04EC0-301F-11D3-BF4B-00C04F79EFBC}") = "SteamVR_Actions", "SteamVR_Actions.csproj", "{F0704989-5910-7EBD-A195-5980519F4903}"
EndProject
Project("{FAE04EC0-301F-11D3-BF4B-00C04F79EFBC}") = "SteamVR_Editor", "SteamVR_Editor.csproj", "{97C3B8D1-64D0-ABBF-F127-5D8C7C9AEDF2}"
EndProject
Project("{FAE04EC0-301F-11D3-BF4B-00C04F79EFBC}") = "SteamVR_Input_Editor", "SteamVR_Input_Editor.csproj", "{00728E0E-8757-0B7D-7467-0D4A0FEE431B}"
EndProject
Project("{FAE04EC0-301F-11D3-BF4B-00C04F79EFBC}") = "SteamVR_Windows_EditorHelper", "SteamVR_Windows_EditorHelper.csproj", "{308E4178-9C46-A701-EBA1-4FF1B00A5CBF}"
EndProject
Global
	GlobalSection(SolutionConfigurationPlatforms) = preSolution
		Debug|Any CPU = Debug|Any CPU
		Release|Any CPU = Release|Any CPU
	EndGlobalSection
	GlobalSection(ProjectConfigurationPlatforms) = postSolution
		{3CFAD723-B316-FA2E-C9EA-992E3FACE62F}.Debug|Any CPU.ActiveCfg = Debug|Any CPU
		{3CFAD723-B316-FA2E-C9EA-992E3FACE62F}.Debug|Any CPU.Build.0 = Debug|Any CPU
		{3CFAD723-B316-FA2E-C9EA-992E3FACE62F}.Release|Any CPU.ActiveCfg = Release|Any CPU
		{3CFAD723-B316-FA2E-C9EA-992E3FACE62F}.Release|Any CPU.Build.0 = Release|Any CPU
		{B38F7986-E7F0-9C56-7D82-D91FED1CD05E}.Debug|Any CPU.ActiveCfg = Debug|Any CPU
		{B38F7986-E7F0-9C56-7D82-D91FED1CD05E}.Debug|Any CPU.Build.0 = Debug|Any CPU
		{B38F7986-E7F0-9C56-7D82-D91FED1CD05E}.Release|Any CPU.ActiveCfg = Release|Any CPU
		{B38F7986-E7F0-9C56-7D82-D91FED1CD05E}.Release|Any CPU.Build.0 = Release|Any CPU
		{F0704989-5910-7EBD-A195-5980519F4903}.Debug|Any CPU.ActiveCfg = Debug|Any CPU
		{F0704989-5910-7EBD-A195-5980519F4903}.Debug|Any CPU.Build.0 = Debug|Any CPU
		{F0704989-5910-7EBD-A195-5980519F4903}.Release|Any CPU.ActiveCfg = Release|Any CPU
		{F0704989-5910-7EBD-A195-5980519F4903}.Release|Any CPU.Build.0 = Release|Any CPU
		{97C3B8D1-64D0-ABBF-F127-5D8C7C9AEDF2}.Debug|Any CPU.ActiveCfg = Debug|Any CPU
		{97C3B8D1-64D0-ABBF-F127-5D8C7C9AEDF2}.Debug|Any CPU.Build.0 = Debug|Any CPU
		{97C3B8D1-64D0-ABBF-F127-5D8C7C9AEDF2}.Release|Any CPU.ActiveCfg = Release|Any CPU
		{97C3B8D1-64D0-ABBF-F127-5D8C7C9AEDF2}.Release|Any CPU.Build.0 = Release|Any CPU
		{00728E0E-8757-0B7D-7467-0D4A0FEE431B}.Debug|Any CPU.ActiveCfg = Debug|Any CPU
		{00728E0E-8757-0B7D-7467-0D4A0FEE431B}.Debug|Any CPU.Build.0 = Debug|Any CPU
		{00728E0E-8757-0B7D-7467-0D4A0FEE431B}.Release|Any CPU.ActiveCfg = Release|Any CPU
		{00728E0E-8757-0B7D-7467-0D4A0FEE431B}.Release|Any CPU.Build.0 = Release|Any CPU
		{308E4178-9C46-A701-EBA1-4FF1B00A5CBF}.Debug|Any CPU.ActiveCfg = Debug|Any CPU
		{308E4178-9C46-A701-EBA1-4FF1B00A5CBF}.Debug|Any CPU.Build.0 = Debug|Any CPU
		{308E4178-9C46-A701-EBA1-4FF1B00A5CBF}.Release|Any CPU.ActiveCfg = Release|Any CPU
		{308E4178-9C46-A701-EBA1-4FF1B00A5CBF}.Release|Any CPU.Build.0 = Release|Any CPU
	EndGlobalSection
	GlobalSection(SolutionProperties) = preSolution
		HideSolutionNode = FALSE
	EndGlobalSection
EndGlobal
